[root]
name = "scene"
version = "0.1.0"
dependencies = [
 "ecs 0.1.0",
 "gltf 0.1.0",
 "render 0.1.0",
]

[[package]]
name = "cgmath"
version = "0.0.1"
source = "git+https://github.com/bjz/cgmath-rs#1831538f358d9a3d0f79a3732041ff8d0a712962"

[[package]]
name = "device"
version = "0.1.0"
source = "git+https://github.com/gfx-rs/gfx-rs#addf284794692f29f80fb621cd3328e127e5cfc9"
dependencies = [
 "gfx_gl 0.1.0 (git+https://github.com/gfx-rs/gfx_gl.git)",
]

[[package]]
name = "ecs"
version = "0.1.0"

[[package]]
name = "gfx"
version = "0.1.0"
source = "git+https://github.com/gfx-rs/gfx-rs#addf284794692f29f80fb621cd3328e127e5cfc9"
dependencies = [
 "device 0.1.0 (git+https://github.com/gfx-rs/gfx-rs)",
 "gfx_macros 0.1.0 (git+https://github.com/gfx-rs/gfx-rs)",
 "render 0.1.0 (git+https://github.com/gfx-rs/gfx-rs)",
]

[[package]]
name = "gfx_gl"
version = "0.1.0"
source = "git+https://github.com/gfx-rs/gfx_gl.git#ed681503da2e7ed9343003e78af4767e8e4e33a8"
dependencies = [
 "gl_generator 0.0.4 (git+https://github.com/bjz/gl-rs.git)",
]

[[package]]
name = "gfx_macros"
version = "0.1.0"
source = "git+https://github.com/gfx-rs/gfx-rs#addf284794692f29f80fb621cd3328e127e5cfc9"

[[package]]
name = "gl_common"
version = "0.0.3"
source = "git+https://github.com/bjz/gl-rs.git#31f3ef8bad2593283d4cd367a5de99ab24a0fa5d"

[[package]]
name = "gl_generator"
version = "0.0.4"
source = "git+https://github.com/bjz/gl-rs.git#31f3ef8bad2593283d4cd367a5de99ab24a0fa5d"
dependencies = [
 "gl_common 0.0.3 (git+https://github.com/bjz/gl-rs.git)",
 "khronos_api 0.0.3 (git+https://github.com/bjz/gl-rs.git)",
 "xml-rs 0.1.3 (registry+https://github.com/rust-lang/crates.io-index)",
]

[[package]]
name = "gltf"
version = "0.1.0"
dependencies = [
 "cgmath 0.0.1 (git+https://github.com/bjz/cgmath-rs)",
 "gfx 0.1.0 (git+https://github.com/gfx-rs/gfx-rs)",
 "serde 0.1.0 (git+https://github.com/erickt/rust-serde)",
]

[[package]]
name = "khronos_api"
version = "0.0.3"
source = "git+https://github.com/bjz/gl-rs.git#31f3ef8bad2593283d4cd367a5de99ab24a0fa5d"

[[package]]
name = "render"
version = "0.1.0"
dependencies = [
 "cgmath 0.0.1 (git+https://github.com/bjz/cgmath-rs)",
 "ecs 0.1.0",
 "gfx 0.1.0 (git+https://github.com/gfx-rs/gfx-rs)",
]

[[package]]
name = "render"
version = "0.1.0"
source = "git+https://github.com/gfx-rs/gfx-rs#addf284794692f29f80fb621cd3328e127e5cfc9"
dependencies = [
 "device 0.1.0 (git+https://github.com/gfx-rs/gfx-rs)",
]

[[package]]
name = "serde"
version = "0.1.0"
source = "git+https://github.com/erickt/rust-serde#73f375673b7af0ade31ba67f136b77286d81fd04"
dependencies = [
 "serde_macros 0.1.0 (git+https://github.com/erickt/rust-serde)",
]

[[package]]
name = "serde_macros"
version = "0.1.0"
source = "git+https://github.com/erickt/rust-serde#73f375673b7af0ade31ba67f136b77286d81fd04"

[[package]]
name = "xml-rs"
version = "0.1.3"
source = "registry+https://github.com/rust-lang/crates.io-index"

