[root]
name = "asteroids"
version = "0.1.0"
dependencies = [
 "cgmath 0.0.1 (git+https://github.com/bjz/cgmath-rs#9ade4ce92d639d2a67c0932816ff26f9ec516616)",
 "gfx 0.1.0 (git+https://github.com/gfx-rs/gfx-rs#c21e18df341974fbdb246d19535b535e2570071e)",
 "gl_init 0.0.1 (git+https://github.com/tomaka/gl-init-rs.git#d870fa7ffa1ff5e7a6a13048ada943aea51a04a6)",
 "glfw 0.0.1 (git+https://github.com/bjz/glfw-rs.git#90c56d4809c115170ba3110c847253bfdc11e7ec)",
 "scene 0.1.0",
]

[[package]]
name = "cgmath"
version = "0.0.1"
source = "git+https://github.com/bjz/cgmath-rs#9ade4ce92d639d2a67c0932816ff26f9ec516616"

[[package]]
name = "compile_msg"
version = "0.1.0"
source = "git+https://github.com/huonw/compile_msg#de280134208e6ac6b54be81c7ffa0341ff665009"

[[package]]
name = "device"
version = "0.1.0"
source = "git+https://github.com/gfx-rs/gfx-rs#c21e18df341974fbdb246d19535b535e2570071e"
dependencies = [
 "gfx_gl 0.1.0 (git+https://github.com/gfx-rs/gfx_gl.git#52bb510e9e76cd3c0aed7b6aa678c03059d630a6)",
]

[[package]]
name = "ecs"
version = "0.1.0"

[[package]]
name = "gfx"
version = "0.1.0"
source = "git+https://github.com/gfx-rs/gfx-rs#c21e18df341974fbdb246d19535b535e2570071e"
dependencies = [
 "device 0.1.0 (git+https://github.com/gfx-rs/gfx-rs#c21e18df341974fbdb246d19535b535e2570071e)",
 "gfx_macros 0.1.0 (git+https://github.com/gfx-rs/gfx-rs#c21e18df341974fbdb246d19535b535e2570071e)",
 "render 0.1.0 (git+https://github.com/gfx-rs/gfx-rs#c21e18df341974fbdb246d19535b535e2570071e)",
]

[[package]]
name = "gfx_gl"
version = "0.1.0"
source = "git+https://github.com/gfx-rs/gfx_gl.git#52bb510e9e76cd3c0aed7b6aa678c03059d630a6"
dependencies = [
 "gl_generator 0.0.1 (git+https://github.com/bjz/gl-rs.git#8f454e6163ffbc37b542d4ce29d925df74954415)",
]

[[package]]
name = "gfx_macros"
version = "0.1.0"
source = "git+https://github.com/gfx-rs/gfx-rs#c21e18df341974fbdb246d19535b535e2570071e"

[[package]]
name = "gl_generator"
version = "0.0.1"
source = "git+https://github.com/bjz/gl-rs.git#8f454e6163ffbc37b542d4ce29d925df74954415"
dependencies = [
 "khronos_api 0.0.1 (git+https://github.com/bjz/gl-rs.git#8f454e6163ffbc37b542d4ce29d925df74954415)",
 "rust-xml 0.1.0 (git+https://github.com/netvl/rust-xml#418a3776922e545a7c33b1f68d9c8c513dc5c80b)",
]

[[package]]
name = "gl_init"
version = "0.0.1"
source = "git+https://github.com/tomaka/gl-init-rs.git#d870fa7ffa1ff5e7a6a13048ada943aea51a04a6"
dependencies = [
 "compile_msg 0.1.0 (git+https://github.com/huonw/compile_msg#de280134208e6ac6b54be81c7ffa0341ff665009)",
]

[[package]]
name = "glfw"
version = "0.0.1"
source = "git+https://github.com/bjz/glfw-rs.git#90c56d4809c115170ba3110c847253bfdc11e7ec"
dependencies = [
 "link_glfw 0.1.0 (git+https://github.com/bjz/glfw-rs.git#90c56d4809c115170ba3110c847253bfdc11e7ec)",
 "semver 0.0.1 (git+https://github.com/rust-lang/semver#c78b40d7fdf8acd99b503e6ce394fbcf9eb8982f)",
]

[[package]]
name = "gltf"
version = "0.1.0"
dependencies = [
 "cgmath 0.0.1 (git+https://github.com/bjz/cgmath-rs#9ade4ce92d639d2a67c0932816ff26f9ec516616)",
 "gfx 0.1.0 (git+https://github.com/gfx-rs/gfx-rs#c21e18df341974fbdb246d19535b535e2570071e)",
]

[[package]]
name = "khronos_api"
version = "0.0.1"
source = "git+https://github.com/bjz/gl-rs.git#8f454e6163ffbc37b542d4ce29d925df74954415"

[[package]]
name = "link_glfw"
version = "0.1.0"
source = "git+https://github.com/bjz/glfw-rs.git#90c56d4809c115170ba3110c847253bfdc11e7ec"

[[package]]
name = "render"
version = "0.1.0"
dependencies = [
 "cgmath 0.0.1 (git+https://github.com/bjz/cgmath-rs#9ade4ce92d639d2a67c0932816ff26f9ec516616)",
 "ecs 0.1.0",
 "gfx 0.1.0 (git+https://github.com/gfx-rs/gfx-rs#c21e18df341974fbdb246d19535b535e2570071e)",
]

[[package]]
name = "render"
version = "0.1.0"
source = "git+https://github.com/gfx-rs/gfx-rs#c21e18df341974fbdb246d19535b535e2570071e"
dependencies = [
 "device 0.1.0 (git+https://github.com/gfx-rs/gfx-rs#c21e18df341974fbdb246d19535b535e2570071e)",
]

[[package]]
name = "rust-xml"
version = "0.1.0"
source = "git+https://github.com/netvl/rust-xml#418a3776922e545a7c33b1f68d9c8c513dc5c80b"

[[package]]
name = "scene"
version = "0.1.0"
dependencies = [
 "ecs 0.1.0",
 "gltf 0.1.0",
 "render 0.1.0",
]

[[package]]
name = "semver"
version = "0.0.1"
source = "git+https://github.com/rust-lang/semver#c78b40d7fdf8acd99b503e6ce394fbcf9eb8982f"

