[root]
name = "asteroids"
version = "0.1.0"
dependencies = [
 "cgmath 0.0.1 (git+https://github.com/bjz/cgmath-rs#d2053a8366b65606b57150757f9bcd6531e82f18)",
 "gfx 0.1.0 (git+https://github.com/gfx-rs/gfx-rs#5b70b070f03340ceb442e245c7f733ddd2ff83f2)",
 "glfw 0.0.1 (git+https://github.com/bjz/glfw-rs.git#013b68a5ec655c1866ea9555cc43d41b9aba8c16)",
 "glutin 0.0.1 (git+https://github.com/tomaka/gl-init-rs.git#649f701a04241b79b512861841a403c054ebb8f0)",
 "scene 0.1.0",
]

[[package]]
name = "android_glue"
version = "0.0.1"
source = "git+https://github.com/tomaka/android-rs-glue#c64ff7d8366ba9f1587cdf0c8c2efad26b9c549c"
dependencies = [
 "compile_msg 0.1.0 (git+https://github.com/huonw/compile_msg#10e0f57069ee703bd07b07330dd0ada4e75c8622)",
]

[[package]]
name = "cgmath"
version = "0.0.1"
source = "git+https://github.com/bjz/cgmath-rs#d2053a8366b65606b57150757f9bcd6531e82f18"

[[package]]
name = "compile_msg"
version = "0.1.0"
source = "git+https://github.com/huonw/compile_msg#10e0f57069ee703bd07b07330dd0ada4e75c8622"

[[package]]
name = "device"
version = "0.1.0"
source = "git+https://github.com/gfx-rs/gfx-rs#5b70b070f03340ceb442e245c7f733ddd2ff83f2"
dependencies = [
 "gfx_gl 0.1.0 (git+https://github.com/gfx-rs/gfx_gl.git#52bb510e9e76cd3c0aed7b6aa678c03059d630a6)",
]

[[package]]
name = "ecs"
version = "0.1.0"

[[package]]
name = "gfx"
version = "0.1.0"
source = "git+https://github.com/gfx-rs/gfx-rs#5b70b070f03340ceb442e245c7f733ddd2ff83f2"
dependencies = [
 "device 0.1.0 (git+https://github.com/gfx-rs/gfx-rs#5b70b070f03340ceb442e245c7f733ddd2ff83f2)",
 "gfx_macros 0.1.0 (git+https://github.com/gfx-rs/gfx-rs#5b70b070f03340ceb442e245c7f733ddd2ff83f2)",
 "render 0.1.0 (git+https://github.com/gfx-rs/gfx-rs#5b70b070f03340ceb442e245c7f733ddd2ff83f2)",
]

[[package]]
name = "gfx_gl"
version = "0.1.0"
source = "git+https://github.com/gfx-rs/gfx_gl.git#52bb510e9e76cd3c0aed7b6aa678c03059d630a6"
dependencies = [
 "gl_generator 0.0.1 (git+https://github.com/bjz/gl-rs#7d546615fcbe26849ebcd5405e784a81b1e5eb6f)",
]

[[package]]
name = "gfx_macros"
version = "0.1.0"
source = "git+https://github.com/gfx-rs/gfx-rs#5b70b070f03340ceb442e245c7f733ddd2ff83f2"

[[package]]
name = "gl_generator"
version = "0.0.1"
source = "git+https://github.com/bjz/gl-rs#7d546615fcbe26849ebcd5405e784a81b1e5eb6f"
dependencies = [
 "khronos_api 0.0.1 (git+https://github.com/bjz/gl-rs#7d546615fcbe26849ebcd5405e784a81b1e5eb6f)",
 "rust-xml 0.1.0 (git+https://github.com/tomaka/rust-xml#fdc021b2bfec7855866b964f459559903c6b7808)",
]

[[package]]
name = "glfw"
version = "0.0.1"
source = "git+https://github.com/bjz/glfw-rs.git#013b68a5ec655c1866ea9555cc43d41b9aba8c16"
dependencies = [
 "glfw-sys 3.0.4 (git+https://github.com/servo/glfw?ref=cargo-3.0.4#65a2b4721276589d9de24f6a9999a2db37286cae)",
 "semver 0.1.0 (git+https://github.com/rust-lang/semver#e7adaf4fa43f77408e640985cf3b3ec9ed81b5b8)",
]

[[package]]
name = "glfw-sys"
version = "3.0.4"
source = "git+https://github.com/servo/glfw?ref=cargo-3.0.4#65a2b4721276589d9de24f6a9999a2db37286cae"

[[package]]
name = "gltf"
version = "0.1.0"
dependencies = [
 "cgmath 0.0.1 (git+https://github.com/bjz/cgmath-rs#d2053a8366b65606b57150757f9bcd6531e82f18)",
 "gfx 0.1.0 (git+https://github.com/gfx-rs/gfx-rs#5b70b070f03340ceb442e245c7f733ddd2ff83f2)",
 "serde 0.1.0 (git+https://github.com/kvark/rust-serde?ref=rust#997d3901c13498335af85eb3384d45a4104071a7)",
]

[[package]]
name = "glutin"
version = "0.0.1"
source = "git+https://github.com/tomaka/gl-init-rs.git#649f701a04241b79b512861841a403c054ebb8f0"
dependencies = [
 "android_glue 0.0.1 (git+https://github.com/tomaka/android-rs-glue#c64ff7d8366ba9f1587cdf0c8c2efad26b9c549c)",
 "compile_msg 0.1.0 (git+https://github.com/huonw/compile_msg#10e0f57069ee703bd07b07330dd0ada4e75c8622)",
 "gl_generator 0.0.1 (git+https://github.com/bjz/gl-rs#7d546615fcbe26849ebcd5405e784a81b1e5eb6f)",
]

[[package]]
name = "khronos_api"
version = "0.0.1"
source = "git+https://github.com/bjz/gl-rs#7d546615fcbe26849ebcd5405e784a81b1e5eb6f"

[[package]]
name = "render"
version = "0.1.0"
dependencies = [
 "cgmath 0.0.1 (git+https://github.com/bjz/cgmath-rs#d2053a8366b65606b57150757f9bcd6531e82f18)",
 "ecs 0.1.0",
 "gfx 0.1.0 (git+https://github.com/gfx-rs/gfx-rs#5b70b070f03340ceb442e245c7f733ddd2ff83f2)",
]

[[package]]
name = "render"
version = "0.1.0"
source = "git+https://github.com/gfx-rs/gfx-rs#5b70b070f03340ceb442e245c7f733ddd2ff83f2"
dependencies = [
 "device 0.1.0 (git+https://github.com/gfx-rs/gfx-rs#5b70b070f03340ceb442e245c7f733ddd2ff83f2)",
]

[[package]]
name = "rust-xml"
version = "0.1.0"
source = "git+https://github.com/tomaka/rust-xml#fdc021b2bfec7855866b964f459559903c6b7808"

[[package]]
name = "scene"
version = "0.1.0"
dependencies = [
 "ecs 0.1.0",
 "gltf 0.1.0",
 "render 0.1.0",
]

[[package]]
name = "semver"
version = "0.1.0"
source = "git+https://github.com/rust-lang/semver#e7adaf4fa43f77408e640985cf3b3ec9ed81b5b8"

[[package]]
name = "serde"
version = "0.1.0"
source = "git+https://github.com/kvark/rust-serde?ref=rust#997d3901c13498335af85eb3384d45a4104071a7"
dependencies = [
 "serde_macros 0.1.0 (git+https://github.com/kvark/rust-serde?ref=rust#997d3901c13498335af85eb3384d45a4104071a7)",
]

[[package]]
name = "serde_macros"
version = "0.1.0"
source = "git+https://github.com/kvark/rust-serde?ref=rust#997d3901c13498335af85eb3384d45a4104071a7"

